{
    "version": 3,
    "terraform_version": "0.11.7",
    "serial": 4,
    "lineage": "992c665f-8543-17a6-653a-d6e79a0a43c8",
    "modules": [
        {
            "path": [
                "root"
            ],
            "outputs": {
                "ComplaintRegistrationEmail": {
                    "sensitive": false,
                    "type": "string",
                    "value": "ComplaintRegistrationEmail"
                }
            },
            "resources": {
                "aws_ses_template.ComplaintRegistrationEmail": {
                    "type": "aws_ses_template",
                    "depends_on": [],
                    "primary": {
                        "id": "ComplaintRegistrationEmail",
                        "attributes": {
                            "html": "\u003ch1\u003eHello {{name}},\u003c/h1\u003e\n\u003cp\u003eYour complaint has been registered.\u003c/p\u003e\n",
                            "id": "ComplaintRegistrationEmail",
                            "name": "ComplaintRegistrationEmail",
                            "subject": "Greetings, {{name}}!",
                            "text": ""
                        },
                        "meta": {},
                        "tainted": false
                    },
                    "deposed": [],
                    "provider": "provider.aws"
                }
            },
            "depends_on": []
        }
    ]
}
